Microsoft Visual Studio Solution File, Format Version 11.00
# Visual C# Express 2010
Project("{FAE04EC0-301F-11D3-BF4B-00C04F79EFBC}") = "SharpCanvas.Core", "SharpCanvas.Core\SharpCanvas.Core.csproj", "{5912BA8D-81D6-4E24-A535-0F84D73B1D8B}"
EndProject
Project("{FAE04EC0-301F-11D3-BF4B-00C04F79EFBC}") = "Context.Skia", "Context.Skia\Context.Skia.csproj", "{CCB7C572-C904-4806-BE62-C2888D515A03}"
EndProject
Project("{FAE04EC0-301F-11D3-BF4B-00C04F79EFBC}") = "Tests.Skia", "..\SharpCanvas.Tests\Tests.Skia\Tests.Skia.csproj", "{70D9BDE9-1A1A-4111-BEE2-00A87D2122C1}"
EndProject
Project("{FAE04EC0-301F-11D3-BF4B-00C04F79EFBC}") = "SharpCanvas.Tests.Skia.Modern", "..\SharpCanvas.Tests\Tests.Skia.Modern\SharpCanvas.Tests.Skia.Modern.csproj", "{4F0282E8-A218-4FC5-AB12-E33536A7CA27}"
EndProject
Global
	GlobalSection(SolutionConfigurationPlatforms) = preSolution
		Debug|Any CPU = Debug|Any CPU
		Release|Any CPU = Release|Any CPU
		Description = SharpCanvas by W3Canvas Corporation
	EndGlobalSection
	GlobalSection(ProjectConfigurationPlatforms) = postSolution
		{5912BA8D-81D6-4E24-A535-0F84D73B1D8B}.Debug|Any CPU.ActiveCfg = Debug|Any CPU
		{5912BA8D-81D6-4E24-A535-0F84D73B1D8B}.Debug|Any CPU.Build.0 = Debug|Any CPU
		{5912BA8D-81D6-4E24-A535-0F84D73B1D8B}.Release|Any CPU.ActiveCfg = Release|Any CPU
		{5912BA8D-81D6-4E24-A535-0F84D73B1D8B}.Release|Any CPU.Build.0 = Release|Any CPU
		{CCB7C572-C904-4806-BE62-C2888D515A03}.Debug|Any CPU.ActiveCfg = Debug|Any CPU
		{CCB7C572-C904-4806-BE62-C2888D515A03}.Debug|Any CPU.Build.0 = Debug|Any CPU
		{CCB7C572-C904-4806-BE62-C2888D515A03}.Release|Any CPU.ActiveCfg = Release|Any CPU
		{CCB7C572-C904-4806-BE62-C2888D515A03}.Release|Any CPU.Build.0 = Release|Any CPU
		{70D9BDE9-1A1A-4111-BEE2-00A87D2122C1}.Debug|Any CPU.ActiveCfg = Debug|Any CPU
		{70D9BDE9-1A1A-4111-BEE2-00A87D2122C1}.Debug|Any CPU.Build.0 = Debug|Any CPU
		{70D9BDE9-1A1A-4111-BEE2-00A87D2122C1}.Release|Any CPU.ActiveCfg = Release|Any CPU
		{70D9BDE9-1A1A-4111-BEE2-00A87D2122C1}.Release|Any CPU.Build.0 = Release|Any CPU
		{4F0282E8-A218-4FC5-AB12-E33536A7CA27}.Debug|Any CPU.ActiveCfg = Debug|Any CPU
		{4F0282E8-A218-4FC5-AB12-E33536A7CA27}.Debug|Any CPU.Build.0 = Debug|Any CPU
		{4F0282E8-A218-4FC5-AB12-E33536A7CA27}.Release|Any CPU.ActiveCfg = Release|Any CPU
		{4F0282E8-A218-4FC5-AB12-E33536A7CA27}.Release|Any CPU.Build.0 = Release|Any CPU
	EndGlobalSection
	GlobalSection(SolutionProperties) = preSolution
		HideSolutionNode = FALSE
	EndGlobalSection
EndGlobal
