
Microsoft Visual Studio Solution File, Format Version 12.00
# Visual C# Express 2010
Project("{FAE04EC0-301F-11D3-BF4B-00C04F79EFBC}") = "SharpCanvas.Core", "SharpCanvas.Core\SharpCanvas.Core.csproj", "{5912BA8D-81D6-4E24-A535-0F84D73B1D8B}"
EndProject
Project("{FAE04EC0-301F-11D3-BF4B-00C04F79EFBC}") = "Context.Skia", "Context.Skia\Context.Skia.csproj", "{CCB7C572-C904-4806-BE62-C2888D515A03}"
EndProject
Project("{FAE04EC0-301F-11D3-BF4B-00C04F79EFBC}") = "Tests.Skia", "..\SharpCanvas.Tests\Tests.Skia\Tests.Skia.csproj", "{70D9BDE9-1A1A-4111-BEE2-00A87D2122C1}"
EndProject
Project("{FAE04EC0-301F-11D3-BF4B-00C04F79EFBC}") = "SharpCanvas.Tests.Skia.Modern", "..\SharpCanvas.Tests\Tests.Skia.Modern\SharpCanvas.Tests.Skia.Modern.csproj", "{4F0282E8-A218-4FC5-AB12-E33536A7CA27}"
EndProject
Project("{FAE04EC0-301F-11D3-BF4B-00C04F79EFBC}") = "SharpCanvas.Tests.Skia.Standalone", "..\SharpCanvas.Tests\SharpCanvas.Tests.Skia.Standalone\SharpCanvas.Tests.Skia.Standalone.csproj", "{78F68CF1-1AF9-45E5-96A5-9D21B119DE29}"
EndProject
Project("{FAE04EC0-301F-11D3-BF4B-00C04F79EFBC}") = "SharpCanvas.Runtime", "SharpCanvas.Runtime\SharpCanvas.Runtime.csproj", "{C0E4665B-3FA4-44CE-A04A-80E81E1FC5F0}"
EndProject
Project("{2150E333-8FDC-42A3-9474-1A3956D46DE8}") = "Legacy", "Legacy", "{871BE218-8F83-E3CD-0B70-B1CC1745EA7C}"
EndProject
Project("{2150E333-8FDC-42A3-9474-1A3956D46DE8}") = "Drawing", "Drawing", "{70D1CBAB-CAEE-41AF-0E45-F6A816427C40}"
EndProject
Project("{2150E333-8FDC-42A3-9474-1A3956D46DE8}") = "Context.Drawing2D", "Context.Drawing2D", "{7F6C243E-68BF-28D6-FB14-5A7D1DF2E414}"
EndProject
Project("{FAE04EC0-301F-11D3-BF4B-00C04F79EFBC}") = "SharpCanvas.Context.Drawing2D", "Legacy\Drawing\Context.Drawing2D\SharpCanvas.Context.Drawing2D.csproj", "{73B88766-140C-49B1-9715-2AAA54A4F717}"
EndProject
Project("{2150E333-8FDC-42A3-9474-1A3956D46DE8}") = "Bitmap.Filter", "Bitmap.Filter", "{803EF8F3-727D-D28E-1435-9A8ADC63F003}"
EndProject
Project("{FAE04EC0-301F-11D3-BF4B-00C04F79EFBC}") = "SharpCanvas.Bitmap.Filter", "Bitmap.Filter\SharpCanvas.Bitmap.Filter.csproj", "{01CFF863-D493-49F0-918E-69960D326CB8}"
EndProject
Project("{2150E333-8FDC-42A3-9474-1A3956D46DE8}") = "Interop", "Interop", "{FA46DF89-6585-3869-AC2D-4F5A2BEB4D3F}"
EndProject
Project("{FAE04EC0-301F-11D3-BF4B-00C04F79EFBC}") = "SharpCanvas.Interop", "Interop\SharpCanvas.Interop.csproj", "{ED3A80DC-4359-4E0C-9C51-F26F5FCD0C66}"
EndProject
Project("{2150E333-8FDC-42A3-9474-1A3956D46DE8}") = "Prototype", "Prototype", "{AA5FA980-1721-759C-0A11-57B00F49D76F}"
EndProject
Project("{FAE04EC0-301F-11D3-BF4B-00C04F79EFBC}") = "SharpCanvas.Prototype", "Prototype\SharpCanvas.Prototype.csproj", "{55BECAB2-BAED-428B-87E7-AF54FBF87F3D}"
EndProject
Project("{FAE04EC0-301F-11D3-BF4B-00C04F79EFBC}") = "SharpCanvas.Common", "SharpCanvas.Common\SharpCanvas.Common.csproj", "{3AE27EC7-BEE2-4228-AA42-26412BBF3875}"
EndProject
Project("{2150E333-8FDC-42A3-9474-1A3956D46DE8}") = "Tests", "Tests", "{9D62ADB5-0C86-3FE6-6618-042E80CB89B7}"
EndProject
Project("{FAE04EC0-301F-11D3-BF4B-00C04F79EFBC}") = "SharpCanvas.Tests", "Legacy\Drawing\Tests\SharpCanvas.Tests.csproj", "{7EB544D5-9F0A-49FF-A3D2-1EF436223B64}"
EndProject
Global
	GlobalSection(SolutionConfigurationPlatforms) = preSolution
		Debug|Any CPU = Debug|Any CPU
		Debug|x64 = Debug|x64
		Debug|x86 = Debug|x86
		Release|Any CPU = Release|Any CPU
		Release|x64 = Release|x64
		Release|x86 = Release|x86
		Description = SharpCanvas by W3Canvas Corporation
	EndGlobalSection
	GlobalSection(ProjectConfigurationPlatforms) = postSolution
		{5912BA8D-81D6-4E24-A535-0F84D73B1D8B}.Debug|Any CPU.ActiveCfg = Debug|Any CPU
		{5912BA8D-81D6-4E24-A535-0F84D73B1D8B}.Debug|Any CPU.Build.0 = Debug|Any CPU
		{5912BA8D-81D6-4E24-A535-0F84D73B1D8B}.Debug|x64.ActiveCfg = Debug|Any CPU
		{5912BA8D-81D6-4E24-A535-0F84D73B1D8B}.Debug|x64.Build.0 = Debug|Any CPU
		{5912BA8D-81D6-4E24-A535-0F84D73B1D8B}.Debug|x86.ActiveCfg = Debug|Any CPU
		{5912BA8D-81D6-4E24-A535-0F84D73B1D8B}.Debug|x86.Build.0 = Debug|Any CPU
		{5912BA8D-81D6-4E24-A535-0F84D73B1D8B}.Release|Any CPU.ActiveCfg = Release|Any CPU
		{5912BA8D-81D6-4E24-A535-0F84D73B1D8B}.Release|Any CPU.Build.0 = Release|Any CPU
		{5912BA8D-81D6-4E24-A535-0F84D73B1D8B}.Release|x64.ActiveCfg = Release|Any CPU
		{5912BA8D-81D6-4E24-A535-0F84D73B1D8B}.Release|x64.Build.0 = Release|Any CPU
		{5912BA8D-81D6-4E24-A535-0F84D73B1D8B}.Release|x86.ActiveCfg = Release|Any CPU
		{5912BA8D-81D6-4E24-A535-0F84D73B1D8B}.Release|x86.Build.0 = Release|Any CPU
		{CCB7C572-C904-4806-BE62-C2888D515A03}.Debug|Any CPU.ActiveCfg = Debug|Any CPU
		{CCB7C572-C904-4806-BE62-C2888D515A03}.Debug|Any CPU.Build.0 = Debug|Any CPU
		{CCB7C572-C904-4806-BE62-C2888D515A03}.Debug|x64.ActiveCfg = Debug|Any CPU
		{CCB7C572-C904-4806-BE62-C2888D515A03}.Debug|x64.Build.0 = Debug|Any CPU
		{CCB7C572-C904-4806-BE62-C2888D515A03}.Debug|x86.ActiveCfg = Debug|Any CPU
		{CCB7C572-C904-4806-BE62-C2888D515A03}.Debug|x86.Build.0 = Debug|Any CPU
		{CCB7C572-C904-4806-BE62-C2888D515A03}.Release|Any CPU.ActiveCfg = Release|Any CPU
		{CCB7C572-C904-4806-BE62-C2888D515A03}.Release|Any CPU.Build.0 = Release|Any CPU
		{CCB7C572-C904-4806-BE62-C2888D515A03}.Release|x64.ActiveCfg = Release|Any CPU
		{CCB7C572-C904-4806-BE62-C2888D515A03}.Release|x64.Build.0 = Release|Any CPU
		{CCB7C572-C904-4806-BE62-C2888D515A03}.Release|x86.ActiveCfg = Release|Any CPU
		{CCB7C572-C904-4806-BE62-C2888D515A03}.Release|x86.Build.0 = Release|Any CPU
		{70D9BDE9-1A1A-4111-BEE2-00A87D2122C1}.Debug|Any CPU.ActiveCfg = Debug|Any CPU
		{70D9BDE9-1A1A-4111-BEE2-00A87D2122C1}.Debug|Any CPU.Build.0 = Debug|Any CPU
		{70D9BDE9-1A1A-4111-BEE2-00A87D2122C1}.Debug|x64.ActiveCfg = Debug|Any CPU
		{70D9BDE9-1A1A-4111-BEE2-00A87D2122C1}.Debug|x64.Build.0 = Debug|Any CPU
		{70D9BDE9-1A1A-4111-BEE2-00A87D2122C1}.Debug|x86.ActiveCfg = Debug|Any CPU
		{70D9BDE9-1A1A-4111-BEE2-00A87D2122C1}.Debug|x86.Build.0 = Debug|Any CPU
		{70D9BDE9-1A1A-4111-BEE2-00A87D2122C1}.Release|Any CPU.ActiveCfg = Release|Any CPU
		{70D9BDE9-1A1A-4111-BEE2-00A87D2122C1}.Release|Any CPU.Build.0 = Release|Any CPU
		{70D9BDE9-1A1A-4111-BEE2-00A87D2122C1}.Release|x64.ActiveCfg = Release|Any CPU
		{70D9BDE9-1A1A-4111-BEE2-00A87D2122C1}.Release|x64.Build.0 = Release|Any CPU
		{70D9BDE9-1A1A-4111-BEE2-00A87D2122C1}.Release|x86.ActiveCfg = Release|Any CPU
		{70D9BDE9-1A1A-4111-BEE2-00A87D2122C1}.Release|x86.Build.0 = Release|Any CPU
		{4F0282E8-A218-4FC5-AB12-E33536A7CA27}.Debug|Any CPU.ActiveCfg = Debug|Any CPU
		{4F0282E8-A218-4FC5-AB12-E33536A7CA27}.Debug|Any CPU.Build.0 = Debug|Any CPU
		{4F0282E8-A218-4FC5-AB12-E33536A7CA27}.Debug|x64.ActiveCfg = Debug|Any CPU
		{4F0282E8-A218-4FC5-AB12-E33536A7CA27}.Debug|x64.Build.0 = Debug|Any CPU
		{4F0282E8-A218-4FC5-AB12-E33536A7CA27}.Debug|x86.ActiveCfg = Debug|Any CPU
		{4F0282E8-A218-4FC5-AB12-E33536A7CA27}.Debug|x86.Build.0 = Debug|Any CPU
		{4F0282E8-A218-4FC5-AB12-E33536A7CA27}.Release|Any CPU.ActiveCfg = Release|Any CPU
		{4F0282E8-A218-4FC5-AB12-E33536A7CA27}.Release|Any CPU.Build.0 = Release|Any CPU
		{4F0282E8-A218-4FC5-AB12-E33536A7CA27}.Release|x64.ActiveCfg = Release|Any CPU
		{4F0282E8-A218-4FC5-AB12-E33536A7CA27}.Release|x64.Build.0 = Release|Any CPU
		{4F0282E8-A218-4FC5-AB12-E33536A7CA27}.Release|x86.ActiveCfg = Release|Any CPU
		{4F0282E8-A218-4FC5-AB12-E33536A7CA27}.Release|x86.Build.0 = Release|Any CPU
		{78F68CF1-1AF9-45E5-96A5-9D21B119DE29}.Debug|Any CPU.ActiveCfg = Debug|Any CPU
		{78F68CF1-1AF9-45E5-96A5-9D21B119DE29}.Debug|Any CPU.Build.0 = Debug|Any CPU
		{78F68CF1-1AF9-45E5-96A5-9D21B119DE29}.Debug|x64.ActiveCfg = Debug|Any CPU
		{78F68CF1-1AF9-45E5-96A5-9D21B119DE29}.Debug|x64.Build.0 = Debug|Any CPU
		{78F68CF1-1AF9-45E5-96A5-9D21B119DE29}.Debug|x86.ActiveCfg = Debug|Any CPU
		{78F68CF1-1AF9-45E5-96A5-9D21B119DE29}.Debug|x86.Build.0 = Debug|Any CPU
		{78F68CF1-1AF9-45E5-96A5-9D21B119DE29}.Release|Any CPU.ActiveCfg = Release|Any CPU
		{78F68CF1-1AF9-45E5-96A5-9D21B119DE29}.Release|Any CPU.Build.0 = Release|Any CPU
		{78F68CF1-1AF9-45E5-96A5-9D21B119DE29}.Release|x64.ActiveCfg = Release|Any CPU
		{78F68CF1-1AF9-45E5-96A5-9D21B119DE29}.Release|x64.Build.0 = Release|Any CPU
		{78F68CF1-1AF9-45E5-96A5-9D21B119DE29}.Release|x86.ActiveCfg = Release|Any CPU
		{78F68CF1-1AF9-45E5-96A5-9D21B119DE29}.Release|x86.Build.0 = Release|Any CPU
		{C0E4665B-3FA4-44CE-A04A-80E81E1FC5F0}.Debug|Any CPU.ActiveCfg = Debug|Any CPU
		{C0E4665B-3FA4-44CE-A04A-80E81E1FC5F0}.Debug|Any CPU.Build.0 = Debug|Any CPU
		{C0E4665B-3FA4-44CE-A04A-80E81E1FC5F0}.Debug|x64.ActiveCfg = Debug|Any CPU
		{C0E4665B-3FA4-44CE-A04A-80E81E1FC5F0}.Debug|x64.Build.0 = Debug|Any CPU
		{C0E4665B-3FA4-44CE-A04A-80E81E1FC5F0}.Debug|x86.ActiveCfg = Debug|Any CPU
		{C0E4665B-3FA4-44CE-A04A-80E81E1FC5F0}.Debug|x86.Build.0 = Debug|Any CPU
		{C0E4665B-3FA4-44CE-A04A-80E81E1FC5F0}.Release|Any CPU.ActiveCfg = Release|Any CPU
		{C0E4665B-3FA4-44CE-A04A-80E81E1FC5F0}.Release|Any CPU.Build.0 = Release|Any CPU
		{C0E4665B-3FA4-44CE-A04A-80E81E1FC5F0}.Release|x64.ActiveCfg = Release|Any CPU
		{C0E4665B-3FA4-44CE-A04A-80E81E1FC5F0}.Release|x64.Build.0 = Release|Any CPU
		{C0E4665B-3FA4-44CE-A04A-80E81E1FC5F0}.Release|x86.ActiveCfg = Release|Any CPU
		{C0E4665B-3FA4-44CE-A04A-80E81E1FC5F0}.Release|x86.Build.0 = Release|Any CPU
		{73B88766-140C-49B1-9715-2AAA54A4F717}.Debug|Any CPU.ActiveCfg = Debug|Any CPU
		{73B88766-140C-49B1-9715-2AAA54A4F717}.Debug|Any CPU.Build.0 = Debug|Any CPU
		{73B88766-140C-49B1-9715-2AAA54A4F717}.Debug|x64.ActiveCfg = Debug|Any CPU
		{73B88766-140C-49B1-9715-2AAA54A4F717}.Debug|x64.Build.0 = Debug|Any CPU
		{73B88766-140C-49B1-9715-2AAA54A4F717}.Debug|x86.ActiveCfg = Debug|Any CPU
		{73B88766-140C-49B1-9715-2AAA54A4F717}.Debug|x86.Build.0 = Debug|Any CPU
		{73B88766-140C-49B1-9715-2AAA54A4F717}.Release|Any CPU.ActiveCfg = Release|Any CPU
		{73B88766-140C-49B1-9715-2AAA54A4F717}.Release|Any CPU.Build.0 = Release|Any CPU
		{73B88766-140C-49B1-9715-2AAA54A4F717}.Release|x64.ActiveCfg = Release|Any CPU
		{73B88766-140C-49B1-9715-2AAA54A4F717}.Release|x64.Build.0 = Release|Any CPU
		{73B88766-140C-49B1-9715-2AAA54A4F717}.Release|x86.ActiveCfg = Release|Any CPU
		{73B88766-140C-49B1-9715-2AAA54A4F717}.Release|x86.Build.0 = Release|Any CPU
		{01CFF863-D493-49F0-918E-69960D326CB8}.Debug|Any CPU.ActiveCfg = Debug|Any CPU
		{01CFF863-D493-49F0-918E-69960D326CB8}.Debug|Any CPU.Build.0 = Debug|Any CPU
		{01CFF863-D493-49F0-918E-69960D326CB8}.Debug|x64.ActiveCfg = Debug|Any CPU
		{01CFF863-D493-49F0-918E-69960D326CB8}.Debug|x64.Build.0 = Debug|Any CPU
		{01CFF863-D493-49F0-918E-69960D326CB8}.Debug|x86.ActiveCfg = Debug|Any CPU
		{01CFF863-D493-49F0-918E-69960D326CB8}.Debug|x86.Build.0 = Debug|Any CPU
		{01CFF863-D493-49F0-918E-69960D326CB8}.Release|Any CPU.ActiveCfg = Release|Any CPU
		{01CFF863-D493-49F0-918E-69960D326CB8}.Release|Any CPU.Build.0 = Release|Any CPU
		{01CFF863-D493-49F0-918E-69960D326CB8}.Release|x64.ActiveCfg = Release|Any CPU
		{01CFF863-D493-49F0-918E-69960D326CB8}.Release|x64.Build.0 = Release|Any CPU
		{01CFF863-D493-49F0-918E-69960D326CB8}.Release|x86.ActiveCfg = Release|Any CPU
		{01CFF863-D493-49F0-918E-69960D326CB8}.Release|x86.Build.0 = Release|Any CPU
		{ED3A80DC-4359-4E0C-9C51-F26F5FCD0C66}.Debug|Any CPU.ActiveCfg = Debug|Any CPU
		{ED3A80DC-4359-4E0C-9C51-F26F5FCD0C66}.Debug|Any CPU.Build.0 = Debug|Any CPU
		{ED3A80DC-4359-4E0C-9C51-F26F5FCD0C66}.Debug|x64.ActiveCfg = Debug|Any CPU
		{ED3A80DC-4359-4E0C-9C51-F26F5FCD0C66}.Debug|x64.Build.0 = Debug|Any CPU
		{ED3A80DC-4359-4E0C-9C51-F26F5FCD0C66}.Debug|x86.ActiveCfg = Debug|Any CPU
		{ED3A80DC-4359-4E0C-9C51-F26F5FCD0C66}.Debug|x86.Build.0 = Debug|Any CPU
		{ED3A80DC-4359-4E0C-9C51-F26F5FCD0C66}.Release|Any CPU.ActiveCfg = Release|Any CPU
		{ED3A80DC-4359-4E0C-9C51-F26F5FCD0C66}.Release|Any CPU.Build.0 = Release|Any CPU
		{ED3A80DC-4359-4E0C-9C51-F26F5FCD0C66}.Release|x64.ActiveCfg = Release|Any CPU
		{ED3A80DC-4359-4E0C-9C51-F26F5FCD0C66}.Release|x64.Build.0 = Release|Any CPU
		{ED3A80DC-4359-4E0C-9C51-F26F5FCD0C66}.Release|x86.ActiveCfg = Release|Any CPU
		{ED3A80DC-4359-4E0C-9C51-F26F5FCD0C66}.Release|x86.Build.0 = Release|Any CPU
		{55BECAB2-BAED-428B-87E7-AF54FBF87F3D}.Debug|Any CPU.ActiveCfg = Debug|Any CPU
		{55BECAB2-BAED-428B-87E7-AF54FBF87F3D}.Debug|Any CPU.Build.0 = Debug|Any CPU
		{55BECAB2-BAED-428B-87E7-AF54FBF87F3D}.Debug|x64.ActiveCfg = Debug|Any CPU
		{55BECAB2-BAED-428B-87E7-AF54FBF87F3D}.Debug|x64.Build.0 = Debug|Any CPU
		{55BECAB2-BAED-428B-87E7-AF54FBF87F3D}.Debug|x86.ActiveCfg = Debug|Any CPU
		{55BECAB2-BAED-428B-87E7-AF54FBF87F3D}.Debug|x86.Build.0 = Debug|Any CPU
		{55BECAB2-BAED-428B-87E7-AF54FBF87F3D}.Release|Any CPU.ActiveCfg = Release|Any CPU
		{55BECAB2-BAED-428B-87E7-AF54FBF87F3D}.Release|Any CPU.Build.0 = Release|Any CPU
		{55BECAB2-BAED-428B-87E7-AF54FBF87F3D}.Release|x64.ActiveCfg = Release|Any CPU
		{55BECAB2-BAED-428B-87E7-AF54FBF87F3D}.Release|x64.Build.0 = Release|Any CPU
		{55BECAB2-BAED-428B-87E7-AF54FBF87F3D}.Release|x86.ActiveCfg = Release|Any CPU
		{55BECAB2-BAED-428B-87E7-AF54FBF87F3D}.Release|x86.Build.0 = Release|Any CPU
		{3AE27EC7-BEE2-4228-AA42-26412BBF3875}.Debug|Any CPU.ActiveCfg = Debug|Any CPU
		{3AE27EC7-BEE2-4228-AA42-26412BBF3875}.Debug|Any CPU.Build.0 = Debug|Any CPU
		{3AE27EC7-BEE2-4228-AA42-26412BBF3875}.Debug|x64.ActiveCfg = Debug|Any CPU
		{3AE27EC7-BEE2-4228-AA42-26412BBF3875}.Debug|x64.Build.0 = Debug|Any CPU
		{3AE27EC7-BEE2-4228-AA42-26412BBF3875}.Debug|x86.ActiveCfg = Debug|Any CPU
		{3AE27EC7-BEE2-4228-AA42-26412BBF3875}.Debug|x86.Build.0 = Debug|Any CPU
		{3AE27EC7-BEE2-4228-AA42-26412BBF3875}.Release|Any CPU.ActiveCfg = Release|Any CPU
		{3AE27EC7-BEE2-4228-AA42-26412BBF3875}.Release|Any CPU.Build.0 = Release|Any CPU
		{3AE27EC7-BEE2-4228-AA42-26412BBF3875}.Release|x64.ActiveCfg = Release|Any CPU
		{3AE27EC7-BEE2-4228-AA42-26412BBF3875}.Release|x64.Build.0 = Release|Any CPU
		{3AE27EC7-BEE2-4228-AA42-26412BBF3875}.Release|x86.ActiveCfg = Release|Any CPU
		{3AE27EC7-BEE2-4228-AA42-26412BBF3875}.Release|x86.Build.0 = Release|Any CPU
		{7EB544D5-9F0A-49FF-A3D2-1EF436223B64}.Debug|Any CPU.ActiveCfg = Debug|Any CPU
		{7EB544D5-9F0A-49FF-A3D2-1EF436223B64}.Debug|Any CPU.Build.0 = Debug|Any CPU
		{7EB544D5-9F0A-49FF-A3D2-1EF436223B64}.Debug|x64.ActiveCfg = Debug|Any CPU
		{7EB544D5-9F0A-49FF-A3D2-1EF436223B64}.Debug|x64.Build.0 = Debug|Any CPU
		{7EB544D5-9F0A-49FF-A3D2-1EF436223B64}.Debug|x86.ActiveCfg = Debug|Any CPU
		{7EB544D5-9F0A-49FF-A3D2-1EF436223B64}.Debug|x86.Build.0 = Debug|Any CPU
		{7EB544D5-9F0A-49FF-A3D2-1EF436223B64}.Release|Any CPU.ActiveCfg = Release|Any CPU
		{7EB544D5-9F0A-49FF-A3D2-1EF436223B64}.Release|Any CPU.Build.0 = Release|Any CPU
		{7EB544D5-9F0A-49FF-A3D2-1EF436223B64}.Release|x64.ActiveCfg = Release|Any CPU
		{7EB544D5-9F0A-49FF-A3D2-1EF436223B64}.Release|x64.Build.0 = Release|Any CPU
		{7EB544D5-9F0A-49FF-A3D2-1EF436223B64}.Release|x86.ActiveCfg = Release|Any CPU
		{7EB544D5-9F0A-49FF-A3D2-1EF436223B64}.Release|x86.Build.0 = Release|Any CPU
	EndGlobalSection
	GlobalSection(SolutionProperties) = preSolution
		HideSolutionNode = FALSE
	EndGlobalSection
	GlobalSection(NestedProjects) = preSolution
		{70D1CBAB-CAEE-41AF-0E45-F6A816427C40} = {871BE218-8F83-E3CD-0B70-B1CC1745EA7C}
		{7F6C243E-68BF-28D6-FB14-5A7D1DF2E414} = {70D1CBAB-CAEE-41AF-0E45-F6A816427C40}
		{73B88766-140C-49B1-9715-2AAA54A4F717} = {7F6C243E-68BF-28D6-FB14-5A7D1DF2E414}
		{01CFF863-D493-49F0-918E-69960D326CB8} = {803EF8F3-727D-D28E-1435-9A8ADC63F003}
		{ED3A80DC-4359-4E0C-9C51-F26F5FCD0C66} = {FA46DF89-6585-3869-AC2D-4F5A2BEB4D3F}
		{55BECAB2-BAED-428B-87E7-AF54FBF87F3D} = {AA5FA980-1721-759C-0A11-57B00F49D76F}
		{9D62ADB5-0C86-3FE6-6618-042E80CB89B7} = {70D1CBAB-CAEE-41AF-0E45-F6A816427C40}
		{7EB544D5-9F0A-49FF-A3D2-1EF436223B64} = {9D62ADB5-0C86-3FE6-6618-042E80CB89B7}
	EndGlobalSection
EndGlobal
